
Microsoft Visual Studio Solution File, Format Version 12.00
# Visual Studio Version 16
VisualStudioVersion = 16.0.31613.86
MinimumVisualStudioVersion = 10.0.40219.1
Project("{8BC9CEB8-8B4A-11D0-8D11-00A0C91BC942}") = "Chess", "Chess.vcxproj", "{BD532C1E-7CC4-4C18-8CAE-0FC772EFE731}"
EndProject
Global
	GlobalSection(SolutionConfigurationPlatforms) = preSolution
		Debug|x64 = Debug|x64
		Release|x64 = Release|x64
	EndGlobalSection
	GlobalSection(ProjectConfigurationPlatforms) = postSolution
		{BD532C1E-7CC4-4C18-8CAE-0FC772EFE731}.Debug|x64.ActiveCfg = Debug|x64
		{BD532C1E-7CC4-4C18-8CAE-0FC772EFE731}.Debug|x64.Build.0 = Debug|x64
		{BD532C1E-7CC4-4C18-8CAE-0FC772EFE731}.Release|x64.ActiveCfg = Release|x64
		{BD532C1E-7CC4-4C18-8CAE-0FC772EFE731}.Release|x64.Build.0 = Release|x64
	EndGlobalSection
	GlobalSection(SolutionProperties) = preSolution
		HideSolutionNode = FALSE
	EndGlobalSection
	GlobalSection(ExtensibilityGlobals) = postSolution
		SolutionGuid = {6F0AFB15-AF85-4AB2-970C-EF4540CA1493}
	EndGlobalSection
EndGlobal
